
Microsoft Visual Studio Solution File, Format Version 12.00
# Visual Studio Version 17
VisualStudioVersion = 17.5.33627.172
MinimumVisualStudioVersion = 10.0.40219.1
Project("{FAE04EC0-301F-11D3-BF4B-00C04F79EFBC}") = "Carubbi.BotEditor.Config", "Carubbi.BotEditor.Config\Carubbi.BotEditor.Config.csproj", "{AC52366F-56CB-4267-AA59-4E1694FB7546}"
EndProject
Project("{FAE04EC0-301F-11D3-BF4B-00C04F79EFBC}") = "Carubbi.BotEditor.FormsIntegration", "Carubbi.BotEditor.FormsIntegration\Carubbi.BotEditor.FormsIntegration.csproj", "{6C66F033-1281-4906-A1BE-EB6E670C7609}"
EndProject
Project("{FAE04EC0-301F-11D3-BF4B-00C04F79EFBC}") = "Carubbi.BotEditor.Confg.Tests", "Carubbi.BotEditor.Confg.Tests\Carubbi.BotEditor.Confg.Tests.csproj", "{7BC6383C-41E2-456D-A283-22AA918F4D83}"
EndProject
Project("{FAE04EC0-301F-11D3-BF4B-00C04F79EFBC}") = "Carubbi.BotEditor.SamplesApi", "Carubbi.BotEditor.SamplesApi\Carubbi.BotEditor.SamplesApi.csproj", "{8B6F8E9F-B635-49E2-8077-E8E6B93E445A}"
EndProject
Project("{FAE04EC0-301F-11D3-BF4B-00C04F79EFBC}") = "Carubbi.BotEditor.Services", "Carubbi.BotEditor.Services\Carubbi.BotEditor.Services.csproj", "{CEE356DA-4F52-46A7-B44A-8F1F73BD015A}"
EndProject
Project("{FAE04EC0-301F-11D3-BF4B-00C04F79EFBC}") = "Carubbi.BotEditor.Api", "Carubbi.BotEditor.Api\Carubbi.BotEditor.Api.csproj", "{35016D98-5254-4E7A-9DFA-6119B458545C}"
EndProject
Project("{FAE04EC0-301F-11D3-BF4B-00C04F79EFBC}") = "Carubbi.BotEditor.Backend.Api", "Carubbi.BotEditor.Backend.Api\Carubbi.BotEditor.Backend.Api.csproj", "{D155A88B-DC90-433E-B7E2-F1A913710BC5}"
EndProject
Project("{2150E333-8FDC-42A3-9474-1A3956D46DE8}") = "Backend", "Backend", "{0145976C-5113-4CB0-AB48-261646371958}"
EndProject
Project("{2150E333-8FDC-42A3-9474-1A3956D46DE8}") = "BotEngine", "BotEngine", "{AC7B490A-D54B-46DD-975A-0C1F440C864B}"
EndProject
Project("{FAE04EC0-301F-11D3-BF4B-00C04F79EFBC}") = "Carubbi.BotEditor.Backend.Domain", "Carubbi.BotEditor.Backend.Domain\Carubbi.BotEditor.Backend.Domain.csproj", "{EAD40984-591A-4745-B631-81D7231F5055}"
EndProject
Project("{FAE04EC0-301F-11D3-BF4B-00C04F79EFBC}") = "Carubbi.BotEditor.Backend.DataAccess", "Carubbi.BotEditor.Backend.DataAccess\Carubbi.BotEditor.Backend.DataAccess.csproj", "{355567DD-F92E-47C9-99B3-FB2654F40323}"
EndProject
Project("{00D1A9C2-B5F0-4AF3-8072-F6C62B433612}") = "Carubbi.BotEditor.Database", "Carubbi.BotEditor.Database\Carubbi.BotEditor.Database.sqlproj", "{4866355D-BEF3-48DA-AFB3-FFC8F0F27BF0}"
EndProject
Project("{2150E333-8FDC-42A3-9474-1A3956D46DE8}") = "Integrations", "Integrations", "{93191224-71CB-43C0-95B7-006E5256605E}"
EndProject
Project("{2150E333-8FDC-42A3-9474-1A3956D46DE8}") = "Solution Items", "Solution Items", "{5B6BDAFE-528E-4C51-AE54-8FAEC830E76C}"
	ProjectSection(SolutionItems) = preProject
		BotEditor.bat = BotEditor.bat
	EndProjectSection
EndProject
Global
	GlobalSection(SolutionConfigurationPlatforms) = preSolution
		Debug|x64 = Debug|x64
		Release|x64 = Release|x64
	EndGlobalSection
	GlobalSection(ProjectConfigurationPlatforms) = postSolution
		{AC52366F-56CB-4267-AA59-4E1694FB7546}.Debug|x64.ActiveCfg = Debug|x64
		{AC52366F-56CB-4267-AA59-4E1694FB7546}.Debug|x64.Build.0 = Debug|x64
		{AC52366F-56CB-4267-AA59-4E1694FB7546}.Release|x64.ActiveCfg = Release|x64
		{AC52366F-56CB-4267-AA59-4E1694FB7546}.Release|x64.Build.0 = Release|x64
		{6C66F033-1281-4906-A1BE-EB6E670C7609}.Debug|x64.ActiveCfg = Debug|x64
		{6C66F033-1281-4906-A1BE-EB6E670C7609}.Debug|x64.Build.0 = Debug|x64
		{6C66F033-1281-4906-A1BE-EB6E670C7609}.Release|x64.ActiveCfg = Release|x64
		{6C66F033-1281-4906-A1BE-EB6E670C7609}.Release|x64.Build.0 = Release|x64
		{7BC6383C-41E2-456D-A283-22AA918F4D83}.Debug|x64.ActiveCfg = Debug|x64
		{7BC6383C-41E2-456D-A283-22AA918F4D83}.Debug|x64.Build.0 = Debug|x64
		{7BC6383C-41E2-456D-A283-22AA918F4D83}.Release|x64.ActiveCfg = Release|x64
		{7BC6383C-41E2-456D-A283-22AA918F4D83}.Release|x64.Build.0 = Release|x64
		{8B6F8E9F-B635-49E2-8077-E8E6B93E445A}.Debug|x64.ActiveCfg = Debug|x64
		{8B6F8E9F-B635-49E2-8077-E8E6B93E445A}.Debug|x64.Build.0 = Debug|x64
		{8B6F8E9F-B635-49E2-8077-E8E6B93E445A}.Release|x64.ActiveCfg = Release|x64
		{8B6F8E9F-B635-49E2-8077-E8E6B93E445A}.Release|x64.Build.0 = Release|x64
		{CEE356DA-4F52-46A7-B44A-8F1F73BD015A}.Debug|x64.ActiveCfg = Debug|x64
		{CEE356DA-4F52-46A7-B44A-8F1F73BD015A}.Debug|x64.Build.0 = Debug|x64
		{CEE356DA-4F52-46A7-B44A-8F1F73BD015A}.Release|x64.ActiveCfg = Release|x64
		{CEE356DA-4F52-46A7-B44A-8F1F73BD015A}.Release|x64.Build.0 = Release|x64
		{35016D98-5254-4E7A-9DFA-6119B458545C}.Debug|x64.ActiveCfg = Debug|x64
		{35016D98-5254-4E7A-9DFA-6119B458545C}.Debug|x64.Build.0 = Debug|x64
		{35016D98-5254-4E7A-9DFA-6119B458545C}.Release|x64.ActiveCfg = Release|x64
		{35016D98-5254-4E7A-9DFA-6119B458545C}.Release|x64.Build.0 = Release|x64
		{D155A88B-DC90-433E-B7E2-F1A913710BC5}.Debug|x64.ActiveCfg = Debug|x64
		{D155A88B-DC90-433E-B7E2-F1A913710BC5}.Debug|x64.Build.0 = Debug|x64
		{D155A88B-DC90-433E-B7E2-F1A913710BC5}.Release|x64.ActiveCfg = Release|x64
		{D155A88B-DC90-433E-B7E2-F1A913710BC5}.Release|x64.Build.0 = Release|x64
		{EAD40984-591A-4745-B631-81D7231F5055}.Debug|x64.ActiveCfg = Debug|x64
		{EAD40984-591A-4745-B631-81D7231F5055}.Debug|x64.Build.0 = Debug|x64
		{EAD40984-591A-4745-B631-81D7231F5055}.Release|x64.ActiveCfg = Release|x64
		{EAD40984-591A-4745-B631-81D7231F5055}.Release|x64.Build.0 = Release|x64
		{355567DD-F92E-47C9-99B3-FB2654F40323}.Debug|x64.ActiveCfg = Debug|x64
		{355567DD-F92E-47C9-99B3-FB2654F40323}.Debug|x64.Build.0 = Debug|x64
		{355567DD-F92E-47C9-99B3-FB2654F40323}.Release|x64.ActiveCfg = Release|x64
		{355567DD-F92E-47C9-99B3-FB2654F40323}.Release|x64.Build.0 = Release|x64
		{4866355D-BEF3-48DA-AFB3-FFC8F0F27BF0}.Debug|x64.ActiveCfg = Debug|x64
		{4866355D-BEF3-48DA-AFB3-FFC8F0F27BF0}.Debug|x64.Build.0 = Debug|x64
		{4866355D-BEF3-48DA-AFB3-FFC8F0F27BF0}.Debug|x64.Deploy.0 = Debug|x64
		{4866355D-BEF3-48DA-AFB3-FFC8F0F27BF0}.Release|x64.ActiveCfg = Release|x64
		{4866355D-BEF3-48DA-AFB3-FFC8F0F27BF0}.Release|x64.Build.0 = Release|x64
		{4866355D-BEF3-48DA-AFB3-FFC8F0F27BF0}.Release|x64.Deploy.0 = Release|x64
	EndGlobalSection
	GlobalSection(SolutionProperties) = preSolution
		HideSolutionNode = FALSE
	EndGlobalSection
	GlobalSection(NestedProjects) = preSolution
		{AC52366F-56CB-4267-AA59-4E1694FB7546} = {AC7B490A-D54B-46DD-975A-0C1F440C864B}
		{6C66F033-1281-4906-A1BE-EB6E670C7609} = {AC7B490A-D54B-46DD-975A-0C1F440C864B}
		{7BC6383C-41E2-456D-A283-22AA918F4D83} = {AC7B490A-D54B-46DD-975A-0C1F440C864B}
		{8B6F8E9F-B635-49E2-8077-E8E6B93E445A} = {93191224-71CB-43C0-95B7-006E5256605E}
		{CEE356DA-4F52-46A7-B44A-8F1F73BD015A} = {AC7B490A-D54B-46DD-975A-0C1F440C864B}
		{35016D98-5254-4E7A-9DFA-6119B458545C} = {AC7B490A-D54B-46DD-975A-0C1F440C864B}
		{D155A88B-DC90-433E-B7E2-F1A913710BC5} = {0145976C-5113-4CB0-AB48-261646371958}
		{EAD40984-591A-4745-B631-81D7231F5055} = {0145976C-5113-4CB0-AB48-261646371958}
		{355567DD-F92E-47C9-99B3-FB2654F40323} = {0145976C-5113-4CB0-AB48-261646371958}
		{4866355D-BEF3-48DA-AFB3-FFC8F0F27BF0} = {0145976C-5113-4CB0-AB48-261646371958}
	EndGlobalSection
	GlobalSection(ExtensibilityGlobals) = postSolution
		SolutionGuid = {87CB0103-14CE-48EF-8D99-4C4028A3508A}
	EndGlobalSection
EndGlobal
